
Microsoft Visual Studio Solution File, Format Version 12.00
# Visual Studio 15
VisualStudioVersion = 15.0.27428.1
MinimumVisualStudioVersion = 10.0.40219.1
Project("{9A19103F-16F7-4668-BE54-9A1E7A4F7556}") = "Chat", "Chat\Chat.csproj", "{9512189E-49A0-4932-95A6-12814576F4B2}"
EndProject
Global
	GlobalSection(SolutionConfigurationPlatforms) = preSolution
		Debug|Any CPU = Debug|Any CPU
		Release|Any CPU = Release|Any CPU
	EndGlobalSection
	GlobalSection(ProjectConfigurationPlatforms) = postSolution
		{9512189E-49A0-4932-95A6-12814576F4B2}.Debug|Any CPU.ActiveCfg = Debug|Any CPU
		{9512189E-49A0-4932-95A6-12814576F4B2}.Debug|Any CPU.Build.0 = Debug|Any CPU
		{9512189E-49A0-4932-95A6-12814576F4B2}.Release|Any CPU.ActiveCfg = Release|Any CPU
		{9512189E-49A0-4932-95A6-12814576F4B2}.Release|Any CPU.Build.0 = Release|Any CPU
	EndGlobalSection
	GlobalSection(SolutionProperties) = preSolution
		HideSolutionNode = FALSE
	EndGlobalSection
	GlobalSection(ExtensibilityGlobals) = postSolution
		SolutionGuid = {112BFDB6-228C-441C-8902-BCB77C127554}
	EndGlobalSection
EndGlobal
